lockfileVersion: '9.0'

settings:
  autoInstallPeers: true
  excludeLinksFromLockfile: false

importers:

  .:
    dependencies:
      astring:
        specifier: ^1.8.6
        version: 1.8.6
      chalk:
        specifier: ^5.3.0
        version: 5.3.0
      espree:
        specifier: ^10.0.1
        version: 10.0.1

packages:

  acorn-jsx@5.3.2:
    resolution: {integrity: sha512-rq9s+JNhf0IChjtDXxllJ7g41oZk5SlXtp0LHwyA5cejwn7vKmKp4pPri6YEePv2PU65sAsegbXtIinmDFDXgQ==}
    peerDependencies:
      acorn: ^6.0.0 || ^7.0.0 || ^8.0.0

  acorn@8.11.3:
    resolution: {integrity: sha512-Y9rRfJG5jcKOE0CLisYbojUjIrIEE7AGMzA/Sm4BslANhbS+cDMpgBdcPT91oJ7OuJ9hYJBx59RjbhxVnrF8Xg==}
    engines: {node: '>=0.4.0'}
    hasBin: true

  astring@1.8.6:
    resolution: {integrity: sha512-ISvCdHdlTDlH5IpxQJIex7BWBywFWgjJSVdwst+/iQCoEYnyOaQ95+X1JGshuBjGp6nxKUy1jMgE3zPqN7fQdg==}
    hasBin: true

  chalk@5.3.0:
    resolution: {integrity: sha512-dLitG79d+GV1Nb/VYcCDFivJeK1hiukt9QjRNVOsUtTy1rR1YJsmpGGTZ3qJos+uw7WmWF4wUwBd9jxjocFC2w==}
    engines: {node: ^12.17.0 || ^14.13 || >=16.0.0}

  eslint-visitor-keys@4.0.0:
    resolution: {integrity: sha512-OtIRv/2GyiF6o/d8K7MYKKbXrOUBIK6SfkIRM4Z0dY3w+LiQ0vy3F57m0Z71bjbyeiWFiHJ8brqnmE6H6/jEuw==}
    engines: {node: ^18.18.0 || ^20.9.0 || >=21.1.0}

  espree@10.0.1:
    resolution: {integrity: sha512-MWkrWZbJsL2UwnjxTX3gG8FneachS/Mwg7tdGXce011sJd5b0JG54vat5KHnfSBODZ3Wvzd2WnjxyzsRoVv+ww==}
    engines: {node: ^18.18.0 || ^20.9.0 || >=21.1.0}

snapshots:

  acorn-jsx@5.3.2(acorn@8.11.3):
    dependencies:
      acorn: 8.11.3

  acorn@8.11.3: {}

  astring@1.8.6: {}

  chalk@5.3.0: {}

  eslint-visitor-keys@4.0.0: {}

  espree@10.0.1:
    dependencies:
      acorn: 8.11.3
      acorn-jsx: 5.3.2(acorn@8.11.3)
      eslint-visitor-keys: 4.0.0
